
Microsoft Visual Studio Solution File, Format Version 12.00
# Visual Studio 15
VisualStudioVersion = 15.0.28307.779
MinimumVisualStudioVersion = 10.0.40219.1
Project("{FAE04EC0-301F-11D3-BF4B-00C04F79EFBC}") = "FDPOC", "FDPOC\FDPOC.csproj", "{4794F9B1-97BB-425C-839E-63EB329D9C37}"
EndProject
Global
	GlobalSection(SolutionConfigurationPlatforms) = preSolution
		Debug|Any CPU = Debug|Any CPU
		Release|Any CPU = Release|Any CPU
	EndGlobalSection
	GlobalSection(ProjectConfigurationPlatforms) = postSolution
		{4794F9B1-97BB-425C-839E-63EB329D9C37}.Debug|Any CPU.ActiveCfg = Debug|Any CPU
		{4794F9B1-97BB-425C-839E-63EB329D9C37}.Debug|Any CPU.Build.0 = Debug|Any CPU
		{4794F9B1-97BB-425C-839E-63EB329D9C37}.Release|Any CPU.ActiveCfg = Release|Any CPU
		{4794F9B1-97BB-425C-839E-63EB329D9C37}.Release|Any CPU.Build.0 = Release|Any CPU
	EndGlobalSection
	GlobalSection(SolutionProperties) = preSolution
		HideSolutionNode = FALSE
	EndGlobalSection
	GlobalSection(ExtensibilityGlobals) = postSolution
		SolutionGuid = {FDB94F4A-BD8F-4294-8D5A-E315DC7A5390}
	EndGlobalSection
EndGlobal
